// !$*UTF8*$!
{
	archiveVersion = 1;
	classes = {
	};
	objectVersion = 77;
	objects = {

/* Begin PBXContainerItemProxy section */
		FD5C5C8C2EBD213A00E9B72F /* PBXContainerItemProxy */ = {
			isa = PBXContainerItemProxy;
			containerPortal = FD5C5C732EBD213800E9B72F /* Project object */;
			proxyType = 1;
			remoteGlobalIDString = FD5C5C7A2EBD213800E9B72F;
			remoteInfo = "you are awesome";
		};
		FD5C5C962EBD213A00E9B72F /* PBXContainerItemProxy */ = {
			isa = PBXContainerItemProxy;
			containerPortal = FD5C5C732EBD213800E9B72F /* Project object */;
			proxyType = 1;
			remoteGlobalIDString = FD5C5C7A2EBD213800E9B72F;
			remoteInfo = "you are awesome";
		};
/* End PBXContainerItemProxy section */

/* Begin PBXFileReference section */
		FD5C5C7B2EBD213800E9B72F /* you are awesome.app */ = {isa = PBXFileReference; explicitFileType = wrapper.application; includeInIndex = 0; path = "you are awesome.app"; sourceTree = BUILT_PRODUCTS_DIR; };
		FD5C5C8B2EBD213A00E9B72F /* you are awesomeTests.xctest */ = {isa = PBXFileReference; explicitFileType = wrapper.cfbundle; includeInIndex = 0; path = "you are awesomeTests.xctest"; sourceTree = BUILT_PRODUCTS_DIR; };
		FD5C5C952EBD213A00E9B72F /* you are awesomeUITests.xctest */ = {isa = PBXFileReference; explicitFileType = wrapper.cfbundle; includeInIndex = 0; path = "you are awesomeUITests.xctest"; sourceTree = BUILT_PRODUCTS_DIR; };
/* End PBXFileReference section */

/* Begin PBXFileSystemSynchronizedRootGroup section */
		FD5C5C7D2EBD213800E9B72F /* you are awesome */ = {
			isa = PBXFileSystemSynchronizedRootGroup;
			path = "you are awesome";
			sourceTree = "<group>";
		};
		FD5C5C8E2EBD213A00E9B72F /* you are awesomeTests */ = {
			isa = PBXFileSystemSynchronizedRootGroup;
			path = "you are awesomeTests";
			sourceTree = "<group>";
		};
		FD5C5C982EBD213A00E9B72F /* you are awesomeUITests */ = {
			isa = PBXFileSystemSynchronizedRootGroup;
			path = "you are awesomeUITests";
			sourceTree = "<group>";
		};
/* End PBXFileSystemSynchronizedRootGroup section */

/* Begin PBXFrameworksBuildPhase section */
		FD5C5C782EBD213800E9B72F /* Frameworks */ = {
			isa = PBXFrameworksBuildPhase;
			buildActionMask = 2147483647;
			files = (
			);
			runOnlyForDeploymentPostprocessing = 0;
		};
		FD5C5C882EBD213A00E9B72F /* Frameworks */ = {
			isa = PBXFrameworksBuildPhase;
			buildActionMask = 2147483647;
			files = (
			);
			runOnlyForDeploymentPostprocessing = 0;
		};
		FD5C5C922EBD213A00E9B72F /* Frameworks */ = {
			isa = PBXFrameworksBuildPhase;
			buildActionMask = 2147483647;
			files = (
			);
			runOnlyForDeploymentPostprocessing = 0;
		};
/* End PBXFrameworksBuildPhase section */

/* Begin PBXGroup section */
		FD5C5C722EBD213800E9B72F = {
			isa = PBXGroup;
			children = (
				FD5C5C7D2EBD213800E9B72F /* you are awesome */,
				FD5C5C8E2EBD213A00E9B72F /* you are awesomeTests */,
				FD5C5C982EBD213A00E9B72F /* you are awesomeUITests */,
				FD5C5C7C2EBD213800E9B72F /* Products */,
			);
			sourceTree = "<group>";
		};
		FD5C5C7C2EBD213800E9B72F /* Products */ = {
			isa = PBXGroup;
			children = (
				FD5C5C7B2EBD213800E9B72F /* you are awesome.app */,
				FD5C5C8B2EBD213A00E9B72F /* you are awesomeTests.xctest */,
				FD5C5C952EBD213A00E9B72F /* you are awesomeUITests.xctest */,
			);
			name = Products;
			sourceTree = "<group>";
		};
/* End PBXGroup section */

/* Begin PBXNativeTarget section */
		FD5C5C7A2EBD213800E9B72F /* you are awesome */ = {
			isa = PBXNativeTarget;
			buildConfigurationList = FD5C5C9F2EBD213A00E9B72F /* Build configuration list for PBXNativeTarget "you are awesome" */;
			buildPhases = (
				FD5C5C772EBD213800E9B72F /* Sources */,
				FD5C5C782EBD213800E9B72F /* Frameworks */,
				FD5C5C792EBD213800E9B72F /* Resources */,
			);
			buildRules = (
			);
			dependencies = (
			);
			fileSystemSynchronizedGroups = (
				FD5C5C7D2EBD213800E9B72F /* you are awesome */,
			);
			name = "you are awesome";
			packageProductDependencies = (
			);
			productName = "you are awesome";
			productReference = FD5C5C7B2EBD213800E9B72F /* you are awesome.app */;
			productType = "com.apple.product-type.application";
		};
		FD5C5C8A2EBD213A00E9B72F /* you are awesomeTests */ = {
			isa = PBXNativeTarget;
			buildConfigurationList = FD5C5CA22EBD213A00E9B72F /* Build configuration list for PBXNativeTarget "you are awesomeTests" */;
			buildPhases = (
				FD5C5C872EBD213A00E9B72F /* Sources */,
				FD5C5C882EBD213A00E9B72F /* Frameworks */,
				FD5C5C892EBD213A00E9B72F /* Resources */,
			);
			buildRules = (
			);
			dependencies = (
				FD5C5C8D2EBD213A00E9B72F /* PBXTargetDependency */,
			);
			fileSystemSynchronizedGroups = (
				FD5C5C8E2EBD213A00E9B72F /* you are awesomeTests */,
			);
			name = "you are awesomeTests";
			packageProductDependencies = (
			);
			productName = "you are awesomeTests";
			productReference = FD5C5C8B2EBD213A00E9B72F /* you are awesomeTests.xctest */;
			productType = "com.apple.product-type.bundle.unit-test";
		};
		FD5C5C942EBD213A00E9B72F /* you are awesomeUITests */ = {
			isa = PBXNativeTarget;
			buildConfigurationList = FD5C5CA52EBD213A00E9B72F /* Build configuration list for PBXNativeTarget "you are awesomeUITests" */;
			buildPhases = (
				FD5C5C912EBD213A00E9B72F /* Sources */,
				FD5C5C922EBD213A00E9B72F /* Frameworks */,
				FD5C5C932EBD213A00E9B72F /* Resources */,
			);
			buildRules = (
			);
			dependencies = (
				FD5C5C972EBD213A00E9B72F /* PBXTargetDependency */,
			);
			fileSystemSynchronizedGroups = (
				FD5C5C982EBD213A00E9B72F /* you are awesomeUITests */,
			);
			name = "you are awesomeUITests";
			packageProductDependencies = (
			);
			productName = "you are awesomeUITests";
			productReference = FD5C5C952EBD213A00E9B72F /* you are awesomeUITests.xctest */;
			productType = "com.apple.product-type.bundle.ui-testing";
		};
/* End PBXNativeTarget section */

/* Begin PBXProject section */
		FD5C5C732EBD213800E9B72F /* Project object */ = {
			isa = PBXProject;
			attributes = {
				BuildIndependentTargetsInParallel = 1;
				LastSwiftUpdateCheck = 1620;
				LastUpgradeCheck = 1620;
				TargetAttributes = {
					FD5C5C7A2EBD213800E9B72F = {
						CreatedOnToolsVersion = 16.2;
					};
					FD5C5C8A2EBD213A00E9B72F = {
						CreatedOnToolsVersion = 16.2;
						TestTargetID = FD5C5C7A2EBD213800E9B72F;
					};
					FD5C5C942EBD213A00E9B72F = {
						CreatedOnToolsVersion = 16.2;
						TestTargetID = FD5C5C7A2EBD213800E9B72F;
					};
				};
			};
			buildConfigurationList = FD5C5C762EBD213800E9B72F /* Build configuration list for PBXProject "you are awesome" */;
			developmentRegion = en;
			hasScannedForEncodings = 0;
			knownRegions = (
				en,
				Base,
			);
			mainGroup = FD5C5C722EBD213800E9B72F;
			minimizedProjectReferenceProxies = 1;
			preferredProjectObjectVersion = 77;
			productRefGroup = FD5C5C7C2EBD213800E9B72F /* Products */;
			projectDirPath = "";
			projectRoot = "";
			targets = (
				FD5C5C7A2EBD213800E9B72F /* you are awesome */,
				FD5C5C8A2EBD213A00E9B72F /* you are awesomeTests */,
				FD5C5C942EBD213A00E9B72F /* you are awesomeUITests */,
			);
		};
/* End PBXProject section */

/* Begin PBXResourcesBuildPhase section */
		FD5C5C792EBD213800E9B72F /* Resources */ = {
			isa = PBXResourcesBuildPhase;
			buildActionMask = 2147483647;
			files = (
			);
			runOnlyForDeploymentPostprocessing = 0;
		};
		FD5C5C892EBD213A00E9B72F /* Resources */ = {
			isa = PBXResourcesBuildPhase;
			buildActionMask = 2147483647;
			files = (
			);
			runOnlyForDeploymentPostprocessing = 0;
		};
		FD5C5C932EBD213A00E9B72F /* Resources */ = {
			isa = PBXResourcesBuildPhase;
			buildActionMask = 2147483647;
			files = (
			);
			runOnlyForDeploymentPostprocessing = 0;
		};
/* End PBXResourcesBuildPhase section */

/* Begin PBXSourcesBuildPhase section */
		FD5C5C772EBD213800E9B72F /* Sources */ = {
			isa = PBXSourcesBuildPhase;
			buildActionMask = 2147483647;
			files = (
			);
			runOnlyForDeploymentPostprocessing = 0;
		};
		FD5C5C872EBD213A00E9B72F /* Sources */ = {
			isa = PBXSourcesBuildPhase;
			buildActionMask = 2147483647;
			files = (
			);
			runOnlyForDeploymentPostprocessing = 0;
		};
		FD5C5C912EBD213A00E9B72F /* Sources */ = {
			isa = PBXSourcesBuildPhase;
			buildActionMask = 2147483647;
			files = (
			);
			runOnlyForDeploymentPostprocessing = 0;
		};
/* End PBXSourcesBuildPhase section */

/* Begin PBXTargetDependency section */
		FD5C5C8D2EBD213A00E9B72F /* PBXTargetDependency */ = {
			isa = PBXTargetDependency;
			target = FD5C5C7A2EBD213800E9B72F /* you are awesome */;
			targetProxy = FD5C5C8C2EBD213A00E9B72F /* PBXContainerItemProxy */;
		};
		FD5C5C972EBD213A00E9B72F /* PBXTargetDependency */ = {
			isa = PBXTargetDependency;
			target = FD5C5C7A2EBD213800E9B72F /* you are awesome */;
			targetProxy = FD5C5C962EBD213A00E9B72F /* PBXContainerItemProxy */;
		};
/* End PBXTargetDependency section */

/* Begin XCBuildConfiguration section */
		FD5C5C9D2EBD213A00E9B72F /* Debug */ = {
			isa = XCBuildConfiguration;
			buildSettings = {
				ALWAYS_SEARCH_USER_PATHS = NO;
				ASSETCATALOG_COMPILER_GENERATE_SWIFT_ASSET_SYMBOL_EXTENSIONS = YES;
				CLANG_ANALYZER_NONNULL = YES;
				CLANG_ANALYZER_NUMBER_OBJECT_CONVERSION = YES_AGGRESSIVE;
				CLANG_CXX_LANGUAGE_STANDARD = "gnu++20";
				CLANG_ENABLE_MODULES = YES;
				CLANG_ENABLE_OBJC_ARC = YES;
				CLANG_ENABLE_OBJC_WEAK = YES;
				CLANG_WARN_BLOCK_CAPTURE_AUTORELEASING = YES;
				CLANG_WARN_BOOL_CONVERSION = YES;
				CLANG_WARN_COMMA = YES;
				CLANG_WARN_CONSTANT_CONVERSION = YES;
				CLANG_WARN_DEPRECATED_OBJC_IMPLEMENTATIONS = YES;
				CLANG_WARN_DIRECT_OBJC_ISA_USAGE = YES_ERROR;
				CLANG_WARN_DOCUMENTATION_COMMENTS = YES;
				CLANG_WARN_EMPTY_BODY = YES;
				CLANG_WARN_ENUM_CONVERSION = YES;
				CLANG_WARN_INFINITE_RECURSION = YES;
				CLANG_WARN_INT_CONVERSION = YES;
				CLANG_WARN_NON_LITERAL_NULL_CONVERSION = YES;
				CLANG_WARN_OBJC_IMPLICIT_RETAIN_SELF = YES;
				CLANG_WARN_OBJC_LITERAL_CONVERSION = YES;
				CLANG_WARN_OBJC_ROOT_CLASS = YES_ERROR;
				CLANG_WARN_QUOTED_INCLUDE_IN_FRAMEWORK_HEADER = YES;
				CLANG_WARN_RANGE_LOOP_ANALYSIS = YES;
				CLANG_WARN_STRICT_PROTOTYPES = YES;
				CLANG_WARN_SUSPICIOUS_MOVE = YES;
				CLANG_WARN_UNGUARDED_AVAILABILITY = YES_AGGRESSIVE;
				CLANG_WARN_UNREACHABLE_CODE = YES;
				CLANG_WARN__DUPLICATE_METHOD_MATCH = YES;
				COPY_PHASE_STRIP = NO;
				DEBUG_INFORMATION_FORMAT = dwarf;
				ENABLE_STRICT_OBJC_MSGSEND = YES;
				ENABLE_TESTABILITY = YES;
				ENABLE_USER_SCRIPT_SANDBOXING = YES;
				GCC_C_LANGUAGE_STANDARD = gnu17;
				GCC_DYNAMIC_NO_PIC = NO;
				GCC_NO_COMMON_BLOCKS = YES;
				GCC_OPTIMIZATION_LEVEL = 0;
				GCC_PREPROCESSOR_DEFINITIONS = (
					"DEBUG=1",
					"$(inherited)",
				);
				GCC_WARN_64_TO_32_BIT_CONVERSION = YES;
				GCC_WARN_ABOUT_RETURN_TYPE = YES_ERROR;
				GCC_WARN_UNDECLARED_SELECTOR = YES;
				GCC_WARN_UNINITIALIZED_AUTOS = YES_AGGRESSIVE;
				GCC_WARN_UNUSED_FUNCTION = YES;
				GCC_WARN_UNUSED_VARIABLE = YES;
				IPHONEOS_DEPLOYMENT_TARGET = 18.2;
				LOCALIZATION_PREFERS_STRING_CATALOGS = YES;
				MTL_ENABLE_DEBUG_INFO = INCLUDE_SOURCE;
				MTL_FAST_MATH = YES;
				ONLY_ACTIVE_ARCH = YES;
				SDKROOT = iphoneos;
				SWIFT_ACTIVE_COMPILATION_CONDITIONS = "DEBUG $(inherited)";
				SWIFT_OPTIMIZATION_LEVEL = "-Onone";
			};
			name = Debug;
		};
		FD5C5C9E2EBD213A00E9B72F /* Release */ = {
			isa = XCBuildConfiguration;
			buildSettings = {
				ALWAYS_SEARCH_USER_PATHS = NO;
				ASSETCATALOG_COMPILER_GENERATE_SWIFT_ASSET_SYMBOL_EXTENSIONS = YES;
				CLANG_ANALYZER_NONNULL = YES;
				CLANG_ANALYZER_NUMBER_OBJECT_CONVERSION = YES_AGGRESSIVE;
				CLANG_CXX_LANGUAGE_STANDARD = "gnu++20";
				CLANG_ENABLE_MODULES = YES;
				CLANG_ENABLE_OBJC_ARC = YES;
				CLANG_ENABLE_OBJC_WEAK = YES;
				CLANG_WARN_BLOCK_CAPTURE_AUTORELEASING = YES;
				CLANG_WARN_BOOL_CONVERSION = YES;
				CLANG_WARN_COMMA = YES;
				CLANG_WARN_CONSTANT_CONVERSION = YES;
				CLANG_WARN_DEPRECATED_OBJC_IMPLEMENTATIONS = YES;
				CLANG_WARN_DIRECT_OBJC_ISA_USAGE = YES_ERROR;
				CLANG_WARN_DOCUMENTATION_COMMENTS = YES;
				CLANG_WARN_EMPTY_BODY = YES;
				CLANG_WARN_ENUM_CONVERSION = YES;
				CLANG_WARN_INFINITE_RECURSION = YES;
				CLANG_WARN_INT_CONVERSION = YES;
				CLANG_WARN_NON_LITERAL_NULL_CONVERSION = YES;
				CLANG_WARN_OBJC_IMPLICIT_RETAIN_SELF = YES;
				CLANG_WARN_OBJC_LITERAL_CONVERSION = YES;
				CLANG_WARN_OBJC_ROOT_CLASS = YES_ERROR;
				CLANG_WARN_QUOTED_INCLUDE_IN_FRAMEWORK_HEADER = YES;
				CLANG_WARN_RANGE_LOOP_ANALYSIS = YES;
				CLANG_WARN_STRICT_PROTOTYPES = YES;
				CLANG_WARN_SUSPICIOUS_MOVE = YES;
				CLANG_WARN_UNGUARDED_AVAILABILITY = YES_AGGRESSIVE;
				CLANG_WARN_UNREACHABLE_CODE = YES;
				CLANG_WARN__DUPLICATE_METHOD_MATCH = YES;
				COPY_PHASE_STRIP = NO;
				DEBUG_INFORMATION_FORMAT = "dwarf-with-dsym";
				ENABLE_NS_ASSERTIONS = NO;
				ENABLE_STRICT_OBJC_MSGSEND = YES;
				ENABLE_USER_SCRIPT_SANDBOXING = YES;
				GCC_C_LANGUAGE_STANDARD = gnu17;
				GCC_NO_COMMON_BLOCKS = YES;
				GCC_WARN_64_TO_32_BIT_CONVERSION = YES;
				GCC_WARN_ABOUT_RETURN_TYPE = YES_ERROR;
				GCC_WARN_UNDECLARED_SELECTOR = YES;
				GCC_WARN_UNINITIALIZED_AUTOS = YES_AGGRESSIVE;
				GCC_WARN_UNUSED_FUNCTION = YES;
				GCC_WARN_UNUSED_VARIABLE = YES;
				IPHONEOS_DEPLOYMENT_TARGET = 18.2;
				LOCALIZATION_PREFERS_STRING_CATALOGS = YES;
				MTL_ENABLE_DEBUG_INFO = NO;
				MTL_FAST_MATH = YES;
				SDKROOT = iphoneos;
				SWIFT_COMPILATION_MODE = wholemodule;
				VALIDATE_PRODUCT = YES;
			};
			name = Release;
		};
		FD5C5CA02EBD213A00E9B72F /* Debug */ = {
			isa = XCBuildConfiguration;
			buildSettings = {
				ASSETCATALOG_COMPILER_APPICON_NAME = AppIcon;
				ASSETCATALOG_COMPILER_GLOBAL_ACCENT_COLOR_NAME = AccentColor;
				CODE_SIGN_STYLE = Automatic;
				CURRENT_PROJECT_VERSION = 1;
				DEVELOPMENT_ASSET_PATHS = "\"you are awesome/Preview Content\"";
				ENABLE_PREVIEWS = YES;
				GENERATE_INFOPLIST_FILE = YES;
				INFOPLIST_KEY_UIApplicationSceneManifest_Generation = YES;
				INFOPLIST_KEY_UIApplicationSupportsIndirectInputEvents = YES;
				INFOPLIST_KEY_UILaunchScreen_Generation = YES;
				INFOPLIST_KEY_UISupportedInterfaceOrientations_iPad = "UIInterfaceOrientationPortrait UIInterfaceOrientationPortraitUpsideDown UIInterfaceOrientationLandscapeLeft UIInterfaceOrientationLandscapeRight";
				INFOPLIST_KEY_UISupportedInterfaceOrientations_iPhone = "UIInterfaceOrientationPortrait UIInterfaceOrientationLandscapeLeft UIInterfaceOrientationLandscapeRight";
				LD_RUNPATH_SEARCH_PATHS = (
					"$(inherited)",
					"@executable_path/Frameworks",
				);
				MARKETING_VERSION = 1.0;
				PRODUCT_BUNDLE_IDENTIFIER = "school.you-are-awesome";
				PRODUCT_NAME = "$(TARGET_NAME)";
				SWIFT_EMIT_LOC_STRINGS = YES;
				SWIFT_VERSION = 5.0;
				TARGETED_DEVICE_FAMILY = "1,2";
			};
			name = Debug;
		};
		FD5C5CA12EBD213A00E9B72F /* Release */ = {
			isa = XCBuildConfiguration;
			buildSettings = {
				ASSETCATALOG_COMPILER_APPICON_NAME = AppIcon;
				ASSETCATALOG_COMPILER_GLOBAL_ACCENT_COLOR_NAME = AccentColor;
				CODE_SIGN_STYLE = Automatic;
				CURRENT_PROJECT_VERSION = 1;
				DEVELOPMENT_ASSET_PATHS = "\"you are awesome/Preview Content\"";
				ENABLE_PREVIEWS = YES;
				GENERATE_INFOPLIST_FILE = YES;
				INFOPLIST_KEY_UIApplicationSceneManifest_Generation = YES;
				INFOPLIST_KEY_UIApplicationSupportsIndirectInputEvents = YES;
				INFOPLIST_KEY_UILaunchScreen_Generation = YES;
				INFOPLIST_KEY_UISupportedInterfaceOrientations_iPad = "UIInterfaceOrientationPortrait UIInterfaceOrientationPortraitUpsideDown UIInterfaceOrientationLandscapeLeft UIInterfaceOrientationLandscapeRight";
				INFOPLIST_KEY_UISupportedInterfaceOrientations_iPhone = "UIInterfaceOrientationPortrait UIInterfaceOrientationLandscapeLeft UIInterfaceOrientationLandscapeRight";
				LD_RUNPATH_SEARCH_PATHS = (
					"$(inherited)",
					"@executable_path/Frameworks",
				);
				MARKETING_VERSION = 1.0;
				PRODUCT_BUNDLE_IDENTIFIER = "school.you-are-awesome";
				PRODUCT_NAME = "$(TARGET_NAME)";
				SWIFT_EMIT_LOC_STRINGS = YES;
				SWIFT_VERSION = 5.0;
				TARGETED_DEVICE_FAMILY = "1,2";
			};
			name = Release;
		};
		FD5C5CA32EBD213A00E9B72F /* Debug */ = {
			isa = XCBuildConfiguration;
			buildSettings = {
				BUNDLE_LOADER = "$(TEST_HOST)";
				CODE_SIGN_STYLE = Automatic;
				CURRENT_PROJECT_VERSION = 1;
				GENERATE_INFOPLIST_FILE = YES;
				IPHONEOS_DEPLOYMENT_TARGET = 18.2;
				MARKETING_VERSION = 1.0;
				PRODUCT_BUNDLE_IDENTIFIER = "school.you-are-awesomeTests";
				PRODUCT_NAME = "$(TARGET_NAME)";
				SWIFT_EMIT_LOC_STRINGS = NO;
				SWIFT_VERSION = 5.0;
				TARGETED_DEVICE_FAMILY = "1,2";
				TEST_HOST = "$(BUILT_PRODUCTS_DIR)/you are awesome.app/$(BUNDLE_EXECUTABLE_FOLDER_PATH)/you are awesome";
			};
			name = Debug;
		};
		FD5C5CA42EBD213A00E9B72F /* Release */ = {
			isa = XCBuildConfiguration;
			buildSettings = {
				BUNDLE_LOADER = "$(TEST_HOST)";
				CODE_SIGN_STYLE = Automatic;
				CURRENT_PROJECT_VERSION = 1;
				GENERATE_INFOPLIST_FILE = YES;
				IPHONEOS_DEPLOYMENT_TARGET = 18.2;
				MARKETING_VERSION = 1.0;
				PRODUCT_BUNDLE_IDENTIFIER = "school.you-are-awesomeTests";
				PRODUCT_NAME = "$(TARGET_NAME)";
				SWIFT_EMIT_LOC_STRINGS = NO;
				SWIFT_VERSION = 5.0;
				TARGETED_DEVICE_FAMILY = "1,2";
				TEST_HOST = "$(BUILT_PRODUCTS_DIR)/you are awesome.app/$(BUNDLE_EXECUTABLE_FOLDER_PATH)/you are awesome";
			};
			name = Release;
		};
		FD5C5CA62EBD213A00E9B72F /* Debug */ = {
			isa = XCBuildConfiguration;
			buildSettings = {
				CODE_SIGN_STYLE = Automatic;
				CURRENT_PROJECT_VERSION = 1;
				GENERATE_INFOPLIST_FILE = YES;
				MARKETING_VERSION = 1.0;
				PRODUCT_BUNDLE_IDENTIFIER = "school.you-are-awesomeUITests";
				PRODUCT_NAME = "$(TARGET_NAME)";
				SWIFT_EMIT_LOC_STRINGS = NO;
				SWIFT_VERSION = 5.0;
				TARGETED_DEVICE_FAMILY = "1,2";
				TEST_TARGET_NAME = "you are awesome";
			};
			name = Debug;
		};
		FD5C5CA72EBD213A00E9B72F /* Release */ = {
			isa = XCBuildConfiguration;
			buildSettings = {
				CODE_SIGN_STYLE = Automatic;
				CURRENT_PROJECT_VERSION = 1;
				GENERATE_INFOPLIST_FILE = YES;
				MARKETING_VERSION = 1.0;
				PRODUCT_BUNDLE_IDENTIFIER = "school.you-are-awesomeUITests";
				PRODUCT_NAME = "$(TARGET_NAME)";
				SWIFT_EMIT_LOC_STRINGS = NO;
				SWIFT_VERSION = 5.0;
				TARGETED_DEVICE_FAMILY = "1,2";
				TEST_TARGET_NAME = "you are awesome";
			};
			name = Release;
		};
/* End XCBuildConfiguration section */

/* Begin XCConfigurationList section */
		FD5C5C762EBD213800E9B72F /* Build configuration list for PBXProject "you are awesome" */ = {
			isa = XCConfigurationList;
			buildConfigurations = (
				FD5C5C9D2EBD213A00E9B72F /* Debug */,
				FD5C5C9E2EBD213A00E9B72F /* Release */,
			);
			defaultConfigurationIsVisible = 0;
			defaultConfigurationName = Release;
		};
		FD5C5C9F2EBD213A00E9B72F /* Build configuration list for PBXNativeTarget "you are awesome" */ = {
			isa = XCConfigurationList;
			buildConfigurations = (
				FD5C5CA02EBD213A00E9B72F /* Debug */,
				FD5C5CA12EBD213A00E9B72F /* Release */,
			);
			defaultConfigurationIsVisible = 0;
			defaultConfigurationName = Release;
		};
		FD5C5CA22EBD213A00E9B72F /* Build configuration list for PBXNativeTarget "you are awesomeTests" */ = {
			isa = XCConfigurationList;
			buildConfigurations = (
				FD5C5CA32EBD213A00E9B72F /* Debug */,
				FD5C5CA42EBD213A00E9B72F /* Release */,
			);
			defaultConfigurationIsVisible = 0;
			defaultConfigurationName = Release;
		};
		FD5C5CA52EBD213A00E9B72F /* Build configuration list for PBXNativeTarget "you are awesomeUITests" */ = {
			isa = XCConfigurationList;
			buildConfigurations = (
				FD5C5CA62EBD213A00E9B72F /* Debug */,
				FD5C5CA72EBD213A00E9B72F /* Release */,
			);
			defaultConfigurationIsVisible = 0;
			defaultConfigurationName = Release;
		};
/* End XCConfigurationList section */
	};
	rootObject = FD5C5C732EBD213800E9B72F /* Project object */;
}
